
Microsoft Visual Studio Solution File, Format Version 12.00
# Visual Studio Version 17
VisualStudioVersion = 17.10.35122.118
MinimumVisualStudioVersion = 10.0.40219.1
Project("{FAE04EC0-301F-11D3-BF4B-00C04F79EFBC}") = "GenKey", "GenKey\GenKey.csproj", "{66C48C5B-39BD-483E-A2F9-A5590BE0E66B}"
EndProject
Global
	GlobalSection(SolutionConfigurationPlatforms) = preSolution
		Debug|Any CPU = Debug|Any CPU
		Release|Any CPU = Release|Any CPU
	EndGlobalSection
	GlobalSection(ProjectConfigurationPlatforms) = postSolution
		{66C48C5B-39BD-483E-A2F9-A5590BE0E66B}.Debug|Any CPU.ActiveCfg = Debug|Any CPU
		{66C48C5B-39BD-483E-A2F9-A5590BE0E66B}.Debug|Any CPU.Build.0 = Debug|Any CPU
		{66C48C5B-39BD-483E-A2F9-A5590BE0E66B}.Release|Any CPU.ActiveCfg = Release|Any CPU
		{66C48C5B-39BD-483E-A2F9-A5590BE0E66B}.Release|Any CPU.Build.0 = Release|Any CPU
	EndGlobalSection
	GlobalSection(SolutionProperties) = preSolution
		HideSolutionNode = FALSE
	EndGlobalSection
	GlobalSection(ExtensibilityGlobals) = postSolution
		SolutionGuid = {76CA5CBA-2EE5-4B31-AE30-58740EC6BB1A}
	EndGlobalSection
EndGlobal
